
Microsoft Visual Studio Solution File, Format Version 12.00
# Visual Studio Version 17
VisualStudioVersion = 17.12.35527.113 d17.12
MinimumVisualStudioVersion = 10.0.40219.1
Project("{FAE04EC0-301F-11D3-BF4B-00C04F79EFBC}") = "PremiumKafeOtomasyon", "PremiumKafeOtomasyon\PremiumKafeOtomasyon.csproj", "{0565A4E1-6D58-455D-82EA-4D7006C2BA8D}"
EndProject
Project("{FAE04EC0-301F-11D3-BF4B-00C04F79EFBC}") = "PremiumKafeOtomasyon.Verification", "PremiumKafeOtomasyon.Verification\PremiumKafeOtomasyon.Verification.csproj", "{F043031B-20AA-492A-A0EF-0BC72B2478A8}"
EndProject
Global
	GlobalSection(SolutionConfigurationPlatforms) = preSolution
		Debug|Any CPU = Debug|Any CPU
		Release|Any CPU = Release|Any CPU
	EndGlobalSection
	GlobalSection(ProjectConfigurationPlatforms) = postSolution
		{0565A4E1-6D58-455D-82EA-4D7006C2BA8D}.Debug|Any CPU.ActiveCfg = Debug|Any CPU
		{0565A4E1-6D58-455D-82EA-4D7006C2BA8D}.Debug|Any CPU.Build.0 = Debug|Any CPU
		{0565A4E1-6D58-455D-82EA-4D7006C2BA8D}.Release|Any CPU.ActiveCfg = Release|Any CPU
		{0565A4E1-6D58-455D-82EA-4D7006C2BA8D}.Release|Any CPU.Build.0 = Release|Any CPU
		{F043031B-20AA-492A-A0EF-0BC72B2478A8}.Debug|Any CPU.ActiveCfg = Debug|Any CPU
		{F043031B-20AA-492A-A0EF-0BC72B2478A8}.Debug|Any CPU.Build.0 = Debug|Any CPU
		{F043031B-20AA-492A-A0EF-0BC72B2478A8}.Release|Any CPU.ActiveCfg = Release|Any CPU
		{F043031B-20AA-492A-A0EF-0BC72B2478A8}.Release|Any CPU.Build.0 = Release|Any CPU
	EndGlobalSection
	GlobalSection(SolutionProperties) = preSolution
		HideSolutionNode = FALSE
	EndGlobalSection
EndGlobal
